
Microsoft Visual Studio Solution File, Format Version 12.00
# Visual Studio Version 17
VisualStudioVersion = 17.0.31903.59
MinimumVisualStudioVersion = 10.0.40219.1
Project("{2150E333-8FDC-42A3-9474-1A3956D46DE8}") = "src", "src", "{F3EAFEFD-5841-4599-B8B1-8B47FE4318F2}"
EndProject
Project("{FAE04EC0-301F-11D3-BF4B-00C04F79EFBC}") = "WslProvider", "src\code\WslProvider.csproj", "{086CF855-BD98-46D6-BEC5-F59332D03A70}"
EndProject
Global
	GlobalSection(SolutionConfigurationPlatforms) = preSolution
		Debug|Any CPU = Debug|Any CPU
		Release|Any CPU = Release|Any CPU
	EndGlobalSection
	GlobalSection(SolutionProperties) = preSolution
		HideSolutionNode = FALSE
	EndGlobalSection
	GlobalSection(ProjectConfigurationPlatforms) = postSolution
		{086CF855-BD98-46D6-BEC5-F59332D03A70}.Debug|Any CPU.ActiveCfg = Debug|Any CPU
		{086CF855-BD98-46D6-BEC5-F59332D03A70}.Debug|Any CPU.Build.0 = Debug|Any CPU
		{086CF855-BD98-46D6-BEC5-F59332D03A70}.Release|Any CPU.ActiveCfg = Release|Any CPU
		{086CF855-BD98-46D6-BEC5-F59332D03A70}.Release|Any CPU.Build.0 = Release|Any CPU
	EndGlobalSection
	GlobalSection(NestedProjects) = preSolution
		{086CF855-BD98-46D6-BEC5-F59332D03A70} = {F3EAFEFD-5841-4599-B8B1-8B47FE4318F2}
	EndGlobalSection
EndGlobal
